// !$*UTF8*$!
{
	archiveVersion = 1;
	classes = {
	};
	objectVersion = 46;
	objects = {

/* Begin PBXBuildFile section */
		71B4482F1CB566E900210E79 /* AppDelegate.swift in Sources */ = {isa = PBXBuildFile; fileRef = 71B4482A1CB566E900210E79 /* AppDelegate.swift */; };
		71B448301CB566E900210E79 /* GnatsViewController.swift in Sources */ = {isa = PBXBuildFile; fileRef = 71B4482C1CB566E900210E79 /* GnatsViewController.swift */; };
		71B448311CB566E900210E79 /* CreateViewController.swift in Sources */ = {isa = PBXBuildFile; fileRef = 71B4482D1CB566E900210E79 /* CreateViewController.swift */; };
		71B448321CB566E900210E79 /* SettingsViewController.swift in Sources */ = {isa = PBXBuildFile; fileRef = 71B4482E1CB566E900210E79 /* SettingsViewController.swift */; };
		71B4483F1CB56F0100210E79 /* CreateView.swift in Sources */ = {isa = PBXBuildFile; fileRef = 71B4483E1CB56F0100210E79 /* CreateView.swift */; };
		71B448461CB570BB00210E79 /* CreateView.xib in Resources */ = {isa = PBXBuildFile; fileRef = 71B448451CB570BB00210E79 /* CreateView.xib */; };
		71B4484B1CB570C700210E79 /* LaunchScreen.storyboard in Resources */ = {isa = PBXBuildFile; fileRef = 71B448471CB570C700210E79 /* LaunchScreen.storyboard */; };
		71B4484C1CB570C700210E79 /* Main.storyboard in Resources */ = {isa = PBXBuildFile; fileRef = 71B448491CB570C700210E79 /* Main.storyboard */; };
		CB6609871CB48050003EA5E0 /* Assets.xcassets in Resources */ = {isa = PBXBuildFile; fileRef = CB6609861CB48050003EA5E0 /* Assets.xcassets */; };
		CB6609951CB48050003EA5E0 /* GnatTests.swift in Sources */ = {isa = PBXBuildFile; fileRef = CB6609941CB48050003EA5E0 /* GnatTests.swift */; };
		CB6609A01CB48050003EA5E0 /* GnatUITests.swift in Sources */ = {isa = PBXBuildFile; fileRef = CB66099F1CB48050003EA5E0 /* GnatUITests.swift */; };
/* End PBXBuildFile section */

/* Begin PBXContainerItemProxy section */
		CB6609911CB48050003EA5E0 /* PBXContainerItemProxy */ = {
			isa = PBXContainerItemProxy;
			containerPortal = CB6609721CB48050003EA5E0 /* Project object */;
			proxyType = 1;
			remoteGlobalIDString = CB6609791CB48050003EA5E0;
			remoteInfo = Gnat;
		};
		CB66099C1CB48050003EA5E0 /* PBXContainerItemProxy */ = {
			isa = PBXContainerItemProxy;
			containerPortal = CB6609721CB48050003EA5E0 /* Project object */;
			proxyType = 1;
			remoteGlobalIDString = CB6609791CB48050003EA5E0;
			remoteInfo = Gnat;
		};
/* End PBXContainerItemProxy section */

/* Begin PBXFileReference section */
		71B4482A1CB566E900210E79 /* AppDelegate.swift */ = {isa = PBXFileReference; fileEncoding = 4; lastKnownFileType = sourcecode.swift; path = AppDelegate.swift; sourceTree = "<group>"; };
		71B4482C1CB566E900210E79 /* GnatsViewController.swift */ = {isa = PBXFileReference; fileEncoding = 4; lastKnownFileType = sourcecode.swift; path = GnatsViewController.swift; sourceTree = "<group>"; };
		71B4482D1CB566E900210E79 /* CreateViewController.swift */ = {isa = PBXFileReference; fileEncoding = 4; lastKnownFileType = sourcecode.swift; path = CreateViewController.swift; sourceTree = "<group>"; };
		71B4482E1CB566E900210E79 /* SettingsViewController.swift */ = {isa = PBXFileReference; fileEncoding = 4; lastKnownFileType = sourcecode.swift; path = SettingsViewController.swift; sourceTree = "<group>"; };
		71B4483E1CB56F0100210E79 /* CreateView.swift */ = {isa = PBXFileReference; fileEncoding = 4; lastKnownFileType = sourcecode.swift; path = CreateView.swift; sourceTree = "<group>"; };
		71B448451CB570BB00210E79 /* CreateView.xib */ = {isa = PBXFileReference; fileEncoding = 4; lastKnownFileType = file.xib; name = CreateView.xib; path = Interface/CreateView.xib; sourceTree = "<group>"; };
		71B448481CB570C700210E79 /* Base */ = {isa = PBXFileReference; lastKnownFileType = file.storyboard; name = Base; path = Interface/Base.lproj/LaunchScreen.storyboard; sourceTree = "<group>"; };
		71B4484A1CB570C700210E79 /* Base */ = {isa = PBXFileReference; lastKnownFileType = file.storyboard; name = Base; path = Interface/Base.lproj/Main.storyboard; sourceTree = "<group>"; };
		CB66097A1CB48050003EA5E0 /* Gnat.app */ = {isa = PBXFileReference; explicitFileType = wrapper.application; includeInIndex = 0; path = Gnat.app; sourceTree = BUILT_PRODUCTS_DIR; };
		CB6609861CB48050003EA5E0 /* Assets.xcassets */ = {isa = PBXFileReference; lastKnownFileType = folder.assetcatalog; path = Assets.xcassets; sourceTree = "<group>"; };
		CB66098B1CB48050003EA5E0 /* Info.plist */ = {isa = PBXFileReference; lastKnownFileType = text.plist.xml; path = Info.plist; sourceTree = "<group>"; };
		CB6609901CB48050003EA5E0 /* GnatTests.xctest */ = {isa = PBXFileReference; explicitFileType = wrapper.cfbundle; includeInIndex = 0; path = GnatTests.xctest; sourceTree = BUILT_PRODUCTS_DIR; };
		CB6609941CB48050003EA5E0 /* GnatTests.swift */ = {isa = PBXFileReference; lastKnownFileType = sourcecode.swift; path = GnatTests.swift; sourceTree = "<group>"; };
		CB6609961CB48050003EA5E0 /* Info.plist */ = {isa = PBXFileReference; lastKnownFileType = text.plist.xml; path = Info.plist; sourceTree = "<group>"; };
		CB66099B1CB48050003EA5E0 /* GnatUITests.xctest */ = {isa = PBXFileReference; explicitFileType = wrapper.cfbundle; includeInIndex = 0; path = GnatUITests.xctest; sourceTree = BUILT_PRODUCTS_DIR; };
		CB66099F1CB48050003EA5E0 /* GnatUITests.swift */ = {isa = PBXFileReference; lastKnownFileType = sourcecode.swift; path = GnatUITests.swift; sourceTree = "<group>"; };
		CB6609A11CB48050003EA5E0 /* Info.plist */ = {isa = PBXFileReference; lastKnownFileType = text.plist.xml; path = Info.plist; sourceTree = "<group>"; };
/* End PBXFileReference section */

/* Begin PBXFrameworksBuildPhase section */
		CB6609771CB48050003EA5E0 /* Frameworks */ = {
			isa = PBXFrameworksBuildPhase;
			buildActionMask = 2147483647;
			files = (
			);
			runOnlyForDeploymentPostprocessing = 0;
		};
		CB66098D1CB48050003EA5E0 /* Frameworks */ = {
			isa = PBXFrameworksBuildPhase;
			buildActionMask = 2147483647;
			files = (
			);
			runOnlyForDeploymentPostprocessing = 0;
		};
		CB6609981CB48050003EA5E0 /* Frameworks */ = {
			isa = PBXFrameworksBuildPhase;
			buildActionMask = 2147483647;
			files = (
			);
			runOnlyForDeploymentPostprocessing = 0;
		};
/* End PBXFrameworksBuildPhase section */

/* Begin PBXGroup section */
		71B448291CB566E900210E79 /* Application */ = {
			isa = PBXGroup;
			children = (
				71B4482A1CB566E900210E79 /* AppDelegate.swift */,
			);
			path = Application;
			sourceTree = "<group>";
		};
		71B4482B1CB566E900210E79 /* ViewController */ = {
			isa = PBXGroup;
			children = (
				71B4482C1CB566E900210E79 /* GnatsViewController.swift */,
				71B4482D1CB566E900210E79 /* CreateViewController.swift */,
				71B4482E1CB566E900210E79 /* SettingsViewController.swift */,
			);
			path = ViewController;
			sourceTree = "<group>";
		};
		71B4483C1CB5675400210E79 /* Interface */ = {
			isa = PBXGroup;
			children = (
				71B448471CB570C700210E79 /* LaunchScreen.storyboard */,
				71B448491CB570C700210E79 /* Main.storyboard */,
				71B448451CB570BB00210E79 /* CreateView.xib */,
			);
			name = Interface;
			sourceTree = "<group>";
		};
		71B4483D1CB56EED00210E79 /* View */ = {
			isa = PBXGroup;
			children = (
				71B4483E1CB56F0100210E79 /* CreateView.swift */,
			);
			path = View;
			sourceTree = "<group>";
		};
		CB6609711CB48050003EA5E0 = {
			isa = PBXGroup;
			children = (
				CB66097C1CB48050003EA5E0 /* Gnat */,
				CB6609931CB48050003EA5E0 /* GnatTests */,
				CB66099E1CB48050003EA5E0 /* GnatUITests */,
				CB66097B1CB48050003EA5E0 /* Products */,
			);
			sourceTree = "<group>";
		};
		CB66097B1CB48050003EA5E0 /* Products */ = {
			isa = PBXGroup;
			children = (
				CB66097A1CB48050003EA5E0 /* Gnat.app */,
				CB6609901CB48050003EA5E0 /* GnatTests.xctest */,
				CB66099B1CB48050003EA5E0 /* GnatUITests.xctest */,
			);
			name = Products;
			sourceTree = "<group>";
		};
		CB66097C1CB48050003EA5E0 /* Gnat */ = {
			isa = PBXGroup;
			children = (
				71B448291CB566E900210E79 /* Application */,
				71B4482B1CB566E900210E79 /* ViewController */,
				71B4483D1CB56EED00210E79 /* View */,
				71B4483C1CB5675400210E79 /* Interface */,
				CB6609861CB48050003EA5E0 /* Assets.xcassets */,
				CB66098B1CB48050003EA5E0 /* Info.plist */,
			);
			path = Gnat;
			sourceTree = "<group>";
		};
		CB6609931CB48050003EA5E0 /* GnatTests */ = {
			isa = PBXGroup;
			children = (
				CB6609941CB48050003EA5E0 /* GnatTests.swift */,
				CB6609961CB48050003EA5E0 /* Info.plist */,
			);
			path = GnatTests;
			sourceTree = "<group>";
		};
		CB66099E1CB48050003EA5E0 /* GnatUITests */ = {
			isa = PBXGroup;
			children = (
				CB66099F1CB48050003EA5E0 /* GnatUITests.swift */,
				CB6609A11CB48050003EA5E0 /* Info.plist */,
			);
			path = GnatUITests;
			sourceTree = "<group>";
		};
/* End PBXGroup section */

/* Begin PBXNativeTarget section */
		CB6609791CB48050003EA5E0 /* Gnat */ = {
			isa = PBXNativeTarget;
			buildConfigurationList = CB6609A41CB48050003EA5E0 /* Build configuration list for PBXNativeTarget "Gnat" */;
			buildPhases = (
				CB6609761CB48050003EA5E0 /* Sources */,
				CB6609771CB48050003EA5E0 /* Frameworks */,
				CB6609781CB48050003EA5E0 /* Resources */,
			);
			buildRules = (
			);
			dependencies = (
			);
			name = Gnat;
			productName = Gnat;
			productReference = CB66097A1CB48050003EA5E0 /* Gnat.app */;
			productType = "com.apple.product-type.application";
		};
		CB66098F1CB48050003EA5E0 /* GnatTests */ = {
			isa = PBXNativeTarget;
			buildConfigurationList = CB6609A71CB48050003EA5E0 /* Build configuration list for PBXNativeTarget "GnatTests" */;
			buildPhases = (
				CB66098C1CB48050003EA5E0 /* Sources */,
				CB66098D1CB48050003EA5E0 /* Frameworks */,
				CB66098E1CB48050003EA5E0 /* Resources */,
			);
			buildRules = (
			);
			dependencies = (
				CB6609921CB48050003EA5E0 /* PBXTargetDependency */,
			);
			name = GnatTests;
			productName = GnatTests;
			productReference = CB6609901CB48050003EA5E0 /* GnatTests.xctest */;
			productType = "com.apple.product-type.bundle.unit-test";
		};
		CB66099A1CB48050003EA5E0 /* GnatUITests */ = {
			isa = PBXNativeTarget;
			buildConfigurationList = CB6609AA1CB48050003EA5E0 /* Build configuration list for PBXNativeTarget "GnatUITests" */;
			buildPhases = (
				CB6609971CB48050003EA5E0 /* Sources */,
				CB6609981CB48050003EA5E0 /* Frameworks */,
				CB6609991CB48050003EA5E0 /* Resources */,
			);
			buildRules = (
			);
			dependencies = (
				CB66099D1CB48050003EA5E0 /* PBXTargetDependency */,
			);
			name = GnatUITests;
			productName = GnatUITests;
			productReference = CB66099B1CB48050003EA5E0 /* GnatUITests.xctest */;
			productType = "com.apple.product-type.bundle.ui-testing";
		};
/* End PBXNativeTarget section */

/* Begin PBXProject section */
		CB6609721CB48050003EA5E0 /* Project object */ = {
			isa = PBXProject;
			attributes = {
				LastSwiftUpdateCheck = 0730;
				LastUpgradeCheck = 0730;
				ORGANIZATIONNAME = floundertech;
				TargetAttributes = {
					CB6609791CB48050003EA5E0 = {
						CreatedOnToolsVersion = 7.3;
					};
					CB66098F1CB48050003EA5E0 = {
						CreatedOnToolsVersion = 7.3;
						TestTargetID = CB6609791CB48050003EA5E0;
					};
					CB66099A1CB48050003EA5E0 = {
						CreatedOnToolsVersion = 7.3;
						TestTargetID = CB6609791CB48050003EA5E0;
					};
				};
			};
			buildConfigurationList = CB6609751CB48050003EA5E0 /* Build configuration list for PBXProject "Gnat" */;
			compatibilityVersion = "Xcode 3.2";
			developmentRegion = English;
			hasScannedForEncodings = 0;
			knownRegions = (
				en,
				Base,
			);
			mainGroup = CB6609711CB48050003EA5E0;
			productRefGroup = CB66097B1CB48050003EA5E0 /* Products */;
			projectDirPath = "";
			projectRoot = "";
			targets = (
				CB6609791CB48050003EA5E0 /* Gnat */,
				CB66098F1CB48050003EA5E0 /* GnatTests */,
				CB66099A1CB48050003EA5E0 /* GnatUITests */,
			);
		};
/* End PBXProject section */

/* Begin PBXResourcesBuildPhase section */
		CB6609781CB48050003EA5E0 /* Resources */ = {
			isa = PBXResourcesBuildPhase;
			buildActionMask = 2147483647;
			files = (
				71B4484B1CB570C700210E79 /* LaunchScreen.storyboard in Resources */,
				CB6609871CB48050003EA5E0 /* Assets.xcassets in Resources */,
				71B448461CB570BB00210E79 /* CreateView.xib in Resources */,
				71B4484C1CB570C700210E79 /* Main.storyboard in Resources */,
			);
			runOnlyForDeploymentPostprocessing = 0;
		};
		CB66098E1CB48050003EA5E0 /* Resources */ = {
			isa = PBXResourcesBuildPhase;
			buildActionMask = 2147483647;
			files = (
			);
			runOnlyForDeploymentPostprocessing = 0;
		};
		CB6609991CB48050003EA5E0 /* Resources */ = {
			isa = PBXResourcesBuildPhase;
			buildActionMask = 2147483647;
			files = (
			);
			runOnlyForDeploymentPostprocessing = 0;
		};
/* End PBXResourcesBuildPhase section */

/* Begin PBXSourcesBuildPhase section */
		CB6609761CB48050003EA5E0 /* Sources */ = {
			isa = PBXSourcesBuildPhase;
			buildActionMask = 2147483647;
			files = (
				71B448311CB566E900210E79 /* CreateViewController.swift in Sources */,
				71B4482F1CB566E900210E79 /* AppDelegate.swift in Sources */,
				71B448301CB566E900210E79 /* GnatsViewController.swift in Sources */,
				71B448321CB566E900210E79 /* SettingsViewController.swift in Sources */,
				71B4483F1CB56F0100210E79 /* CreateView.swift in Sources */,
			);
			runOnlyForDeploymentPostprocessing = 0;
		};
		CB66098C1CB48050003EA5E0 /* Sources */ = {
			isa = PBXSourcesBuildPhase;
			buildActionMask = 2147483647;
			files = (
				CB6609951CB48050003EA5E0 /* GnatTests.swift in Sources */,
			);
			runOnlyForDeploymentPostprocessing = 0;
		};
		CB6609971CB48050003EA5E0 /* Sources */ = {
			isa = PBXSourcesBuildPhase;
			buildActionMask = 2147483647;
			files = (
				CB6609A01CB48050003EA5E0 /* GnatUITests.swift in Sources */,
			);
			runOnlyForDeploymentPostprocessing = 0;
		};
/* End PBXSourcesBuildPhase section */

/* Begin PBXTargetDependency section */
		CB6609921CB48050003EA5E0 /* PBXTargetDependency */ = {
			isa = PBXTargetDependency;
			target = CB6609791CB48050003EA5E0 /* Gnat */;
			targetProxy = CB6609911CB48050003EA5E0 /* PBXContainerItemProxy */;
		};
		CB66099D1CB48050003EA5E0 /* PBXTargetDependency */ = {
			isa = PBXTargetDependency;
			target = CB6609791CB48050003EA5E0 /* Gnat */;
			targetProxy = CB66099C1CB48050003EA5E0 /* PBXContainerItemProxy */;
		};
/* End PBXTargetDependency section */

/* Begin PBXVariantGroup section */
		71B448471CB570C700210E79 /* LaunchScreen.storyboard */ = {
			isa = PBXVariantGroup;
			children = (
				71B448481CB570C700210E79 /* Base */,
			);
			name = LaunchScreen.storyboard;
			sourceTree = "<group>";
		};
		71B448491CB570C700210E79 /* Main.storyboard */ = {
			isa = PBXVariantGroup;
			children = (
				71B4484A1CB570C700210E79 /* Base */,
			);
			name = Main.storyboard;
			sourceTree = "<group>";
		};
/* End PBXVariantGroup section */

/* Begin XCBuildConfiguration section */
		CB6609A21CB48050003EA5E0 /* Debug */ = {
			isa = XCBuildConfiguration;
			buildSettings = {
				ALWAYS_SEARCH_USER_PATHS = NO;
				CLANG_ANALYZER_NONNULL = YES;
				CLANG_CXX_LANGUAGE_STANDARD = "gnu++0x";
				CLANG_CXX_LIBRARY = "libc++";
				CLANG_ENABLE_MODULES = YES;
				CLANG_ENABLE_OBJC_ARC = YES;
				CLANG_WARN_BOOL_CONVERSION = YES;
				CLANG_WARN_CONSTANT_CONVERSION = YES;
				CLANG_WARN_DIRECT_OBJC_ISA_USAGE = YES_ERROR;
				CLANG_WARN_EMPTY_BODY = YES;
				CLANG_WARN_ENUM_CONVERSION = YES;
				CLANG_WARN_INT_CONVERSION = YES;
				CLANG_WARN_OBJC_ROOT_CLASS = YES_ERROR;
				CLANG_WARN_UNREACHABLE_CODE = YES;
				CLANG_WARN__DUPLICATE_METHOD_MATCH = YES;
				"CODE_SIGN_IDENTITY[sdk=iphoneos*]" = "iPhone Developer";
				COPY_PHASE_STRIP = NO;
				DEBUG_INFORMATION_FORMAT = dwarf;
				ENABLE_STRICT_OBJC_MSGSEND = YES;
				ENABLE_TESTABILITY = YES;
				GCC_C_LANGUAGE_STANDARD = gnu99;
				GCC_DYNAMIC_NO_PIC = NO;
				GCC_NO_COMMON_BLOCKS = YES;
				GCC_OPTIMIZATION_LEVEL = 0;
				GCC_PREPROCESSOR_DEFINITIONS = (
					"DEBUG=1",
					"$(inherited)",
				);
				GCC_WARN_64_TO_32_BIT_CONVERSION = YES;
				GCC_WARN_ABOUT_RETURN_TYPE = YES_ERROR;
				GCC_WARN_UNDECLARED_SELECTOR = YES;
				GCC_WARN_UNINITIALIZED_AUTOS = YES_AGGRESSIVE;
				GCC_WARN_UNUSED_FUNCTION = YES;
				GCC_WARN_UNUSED_VARIABLE = YES;
				IPHONEOS_DEPLOYMENT_TARGET = 9.3;
				MTL_ENABLE_DEBUG_INFO = YES;
				ONLY_ACTIVE_ARCH = YES;
				SDKROOT = iphoneos;
				SWIFT_OPTIMIZATION_LEVEL = "-Onone";
			};
			name = Debug;
		};
		CB6609A31CB48050003EA5E0 /* Release */ = {
			isa = XCBuildConfiguration;
			buildSettings = {
				ALWAYS_SEARCH_USER_PATHS = NO;
				CLANG_ANALYZER_NONNULL = YES;
				CLANG_CXX_LANGUAGE_STANDARD = "gnu++0x";
				CLANG_CXX_LIBRARY = "libc++";
				CLANG_ENABLE_MODULES = YES;
				CLANG_ENABLE_OBJC_ARC = YES;
				CLANG_WARN_BOOL_CONVERSION = YES;
				CLANG_WARN_CONSTANT_CONVERSION = YES;
				CLANG_WARN_DIRECT_OBJC_ISA_USAGE = YES_ERROR;
				CLANG_WARN_EMPTY_BODY = YES;
				CLANG_WARN_ENUM_CONVERSION = YES;
				CLANG_WARN_INT_CONVERSION = YES;
				CLANG_WARN_OBJC_ROOT_CLASS = YES_ERROR;
				CLANG_WARN_UNREACHABLE_CODE = YES;
				CLANG_WARN__DUPLICATE_METHOD_MATCH = YES;
				"CODE_SIGN_IDENTITY[sdk=iphoneos*]" = "iPhone Developer";
				COPY_PHASE_STRIP = NO;
				DEBUG_INFORMATION_FORMAT = "dwarf-with-dsym";
				ENABLE_NS_ASSERTIONS = NO;
				ENABLE_STRICT_OBJC_MSGSEND = YES;
				GCC_C_LANGUAGE_STANDARD = gnu99;
				GCC_NO_COMMON_BLOCKS = YES;
				GCC_WARN_64_TO_32_BIT_CONVERSION = YES;
				GCC_WARN_ABOUT_RETURN_TYPE = YES_ERROR;
				GCC_WARN_UNDECLARED_SELECTOR = YES;
				GCC_WARN_UNINITIALIZED_AUTOS = YES_AGGRESSIVE;
				GCC_WARN_UNUSED_FUNCTION = YES;
				GCC_WARN_UNUSED_VARIABLE = YES;
				IPHONEOS_DEPLOYMENT_TARGET = 9.3;
				MTL_ENABLE_DEBUG_INFO = NO;
				SDKROOT = iphoneos;
				VALIDATE_PRODUCT = YES;
			};
			name = Release;
		};
		CB6609A51CB48050003EA5E0 /* Debug */ = {
			isa = XCBuildConfiguration;
			buildSettings = {
				ASSETCATALOG_COMPILER_APPICON_NAME = AppIcon;
				INFOPLIST_FILE = Gnat/Info.plist;
				LD_RUNPATH_SEARCH_PATHS = "$(inherited) @executable_path/Frameworks";
				PRODUCT_BUNDLE_IDENTIFIER = com.floundertech.Gnat;
				PRODUCT_NAME = "$(TARGET_NAME)";
			};
			name = Debug;
		};
		CB6609A61CB48050003EA5E0 /* Release */ = {
			isa = XCBuildConfiguration;
			buildSettings = {
				ASSETCATALOG_COMPILER_APPICON_NAME = AppIcon;
				INFOPLIST_FILE = Gnat/Info.plist;
				LD_RUNPATH_SEARCH_PATHS = "$(inherited) @executable_path/Frameworks";
				PRODUCT_BUNDLE_IDENTIFIER = com.floundertech.Gnat;
				PRODUCT_NAME = "$(TARGET_NAME)";
			};
			name = Release;
		};
		CB6609A81CB48050003EA5E0 /* Debug */ = {
			isa = XCBuildConfiguration;
			buildSettings = {
				BUNDLE_LOADER = "$(TEST_HOST)";
				INFOPLIST_FILE = GnatTests/Info.plist;
				LD_RUNPATH_SEARCH_PATHS = "$(inherited) @executable_path/Frameworks @loader_path/Frameworks";
				PRODUCT_BUNDLE_IDENTIFIER = com.floundertech.GnatTests;
				PRODUCT_NAME = "$(TARGET_NAME)";
				TEST_HOST = "$(BUILT_PRODUCTS_DIR)/Gnat.app/Gnat";
			};
			name = Debug;
		};
		CB6609A91CB48050003EA5E0 /* Release */ = {
			isa = XCBuildConfiguration;
			buildSettings = {
				BUNDLE_LOADER = "$(TEST_HOST)";
				INFOPLIST_FILE = GnatTests/Info.plist;
				LD_RUNPATH_SEARCH_PATHS = "$(inherited) @executable_path/Frameworks @loader_path/Frameworks";
				PRODUCT_BUNDLE_IDENTIFIER = com.floundertech.GnatTests;
				PRODUCT_NAME = "$(TARGET_NAME)";
				TEST_HOST = "$(BUILT_PRODUCTS_DIR)/Gnat.app/Gnat";
			};
			name = Release;
		};
		CB6609AB1CB48050003EA5E0 /* Debug */ = {
			isa = XCBuildConfiguration;
			buildSettings = {
				INFOPLIST_FILE = GnatUITests/Info.plist;
				LD_RUNPATH_SEARCH_PATHS = "$(inherited) @executable_path/Frameworks @loader_path/Frameworks";
				PRODUCT_BUNDLE_IDENTIFIER = com.floundertech.GnatUITests;
				PRODUCT_NAME = "$(TARGET_NAME)";
				TEST_TARGET_NAME = Gnat;
			};
			name = Debug;
		};
		CB6609AC1CB48050003EA5E0 /* Release */ = {
			isa = XCBuildConfiguration;
			buildSettings = {
				INFOPLIST_FILE = GnatUITests/Info.plist;
				LD_RUNPATH_SEARCH_PATHS = "$(inherited) @executable_path/Frameworks @loader_path/Frameworks";
				PRODUCT_BUNDLE_IDENTIFIER = com.floundertech.GnatUITests;
				PRODUCT_NAME = "$(TARGET_NAME)";
				TEST_TARGET_NAME = Gnat;
			};
			name = Release;
		};
/* End XCBuildConfiguration section */

/* Begin XCConfigurationList section */
		CB6609751CB48050003EA5E0 /* Build configuration list for PBXProject "Gnat" */ = {
			isa = XCConfigurationList;
			buildConfigurations = (
				CB6609A21CB48050003EA5E0 /* Debug */,
				CB6609A31CB48050003EA5E0 /* Release */,
			);
			defaultConfigurationIsVisible = 0;
			defaultConfigurationName = Release;
		};
		CB6609A41CB48050003EA5E0 /* Build configuration list for PBXNativeTarget "Gnat" */ = {
			isa = XCConfigurationList;
			buildConfigurations = (
				CB6609A51CB48050003EA5E0 /* Debug */,
				CB6609A61CB48050003EA5E0 /* Release */,
			);
			defaultConfigurationIsVisible = 0;
			defaultConfigurationName = Release;
		};
		CB6609A71CB48050003EA5E0 /* Build configuration list for PBXNativeTarget "GnatTests" */ = {
			isa = XCConfigurationList;
			buildConfigurations = (
				CB6609A81CB48050003EA5E0 /* Debug */,
				CB6609A91CB48050003EA5E0 /* Release */,
			);
			defaultConfigurationIsVisible = 0;
			defaultConfigurationName = Release;
		};
		CB6609AA1CB48050003EA5E0 /* Build configuration list for PBXNativeTarget "GnatUITests" */ = {
			isa = XCConfigurationList;
			buildConfigurations = (
				CB6609AB1CB48050003EA5E0 /* Debug */,
				CB6609AC1CB48050003EA5E0 /* Release */,
			);
			defaultConfigurationIsVisible = 0;
			defaultConfigurationName = Release;
		};
/* End XCConfigurationList section */
	};
	rootObject = CB6609721CB48050003EA5E0 /* Project object */;
}
